{
  "nodes": {
    "disko": {
      "inputs": {
        "nixpkgs": [
          "nixpkgs"
        ]
      },
      "locked": {
        "lastModified": 1789770686,
        "narHash": "sha256-uZkBR7yHdIKUFB5SZdfgh1qkGfI3XmYmI/lTiquxbck=",
        "owner": "nix-community",
        "repo": "disko",
        "rev": "725ea35e410ad83be4931d1bff7e090eacaf3563",
        "type": "github"
      },
      "original": {
        "owner": "nix-community",
        "repo": "disko",
        "type": "github"
      }
    },
    "latexTemplates": {
      "inputs": {
        "nixpkgs": [
          "nixpkgs"
        ]
      },
      "locked": {
        "lastModified": 1788132777,
        "narHash": "sha256-HOAWHOFwSpX6dsKUxrJwlQPatm1zn7+YJ8p7jRfnq1I=",
        "owner": "Raphael-JF",
        "repo": "Latex-templates",
        "rev": "466b37fe090f6704aa6a52ae710220afb68dea84",
        "type": "github"
      },
      "original": {
        "owner": "Raphael-JF",
        "repo": "Latex-templates",
        "type": "github"
      }
    },
    "myNvim": {
      "inputs": {
        "nixpkgs": [
          "nixpkgs"
        ]
      },
      "locked": {
        "path": "./packages/nvim",
        "type": "path"
      },
      "original": {
        "path": "./packages/nvim",
        "type": "path"
      },
      "parent": []
    },
    "nixpkgs": {
      "locked": {
        "lastModified": 1789684949,
        "narHash": "sha256-ZKhUe/2IJUq1JhKxKMu8rbkgSGmPP2ZCqlIPn40aGCM=",
        "owner": "NixOS",
        "repo": "nixpkgs",
        "rev": "e554fab72f81915600f3f449b786fd9af40439a5",
        "type": "github"
      },
      "original": {
        "owner": "NixOS",
        "ref": "nixos-unstable",
        "repo": "nixpkgs",
        "type": "github"
      }
    },
    "nixpkgs-opencode": {
      "locked": {
        "lastModified": 1787736819,
        "narHash": "sha256-cV5xEJJK3BvhU8rEd4mC9UsmDi5qscv/kzGPhBRC5WA=",
        "owner": "NixOS",
        "repo": "nixpkgs",
        "rev": "9fbb54b33e91ee4ca368e35a78e0613c720600b3",
        "type": "github"
      },
      "original": {
        "owner": "NixOS",
        "repo": "nixpkgs",
        "rev": "9fbb54b33e91ee4ca368e35a78e0613c720600b3",
        "type": "github"
      }
    },
    "recipiz": {
      "inputs": {
        "nixpkgs": [
          "nixpkgs"
        ]
      },
      "locked": {
        "lastModified": 1789632721,
        "narHash": "sha256-D+yvHc9ODudQ/rn8Aze5tvmxOSwTcbfEj6m+MnQ4Aq0=",
        "owner": "Raphael-JF",
        "repo": "Recipiz",
        "rev": "0fd392de02df73e5d7cd727f339dcc5bfa79ecc6",
        "type": "github"
      },
      "original": {
        "owner": "Raphael-JF",
        "repo": "Recipiz",
        "type": "github"
      }
    },
    "root": {
      "inputs": {
        "disko": "disko",
        "latexTemplates": "latexTemplates",
        "myNvim": "myNvim",
        "nixpkgs": "nixpkgs",
        "nixpkgs-opencode": "nixpkgs-opencode",
        "recipiz": "recipiz",
        "sopsNix": "sopsNix"
      }
    },
    "sopsNix": {
      "inputs": {
        "nixpkgs": [
          "nixpkgs"
        ]
      },
      "locked": {
        "lastModified": 1789691124,
        "narHash": "sha256-k+I+R6uwHX3VcJ7326qLV6vCahZUgsVl+i8sSU/Stxk=",
        "owner": "Mic92",
        "repo": "sops-nix",
        "rev": "1e73e8f7176d65e1b55e324de099bbfff4b2c574",
        "type": "github"
      },
      "original": {
        "owner": "Mic92",
        "repo": "sops-nix",
        "type": "github"
      }
    }
  },
  "root": "root",
  "version": 7
}
